
Microsoft Visual Studio Solution File, Format Version 12.00
# Visual Studio Version 16
VisualStudioVersion = 16.0.31205.134
MinimumVisualStudioVersion = 10.0.40219.1
Project("{FAE04EC0-301F-11D3-BF4B-00C04F79EFBC}") = "SeekBarDemo.Android", "SeekBarDemo\SeekBarDemo.Android\SeekBarDemo.Android.csproj", "{ACE00223-8AEB-4965-B837-AB75CC33CFB0}"
EndProject
Project("{FAE04EC0-301F-11D3-BF4B-00C04F79EFBC}") = "SeekBarDemo.iOS", "SeekBarDemo\SeekBarDemo.iOS\SeekBarDemo.iOS.csproj", "{684E80C7-FC9E-4A27-8BB1-3CC05DF7CB95}"
EndProject
Project("{FAE04EC0-301F-11D3-BF4B-00C04F79EFBC}") = "SeekBarDemo", "SeekBarDemo\SeekBarDemo\SeekBarDemo.csproj", "{5A363321-7F5D-4BE8-A229-327265CF2475}"
EndProject
Global
	GlobalSection(SolutionConfigurationPlatforms) = preSolution
		Debug|Any CPU = Debug|Any CPU
		Debug|iPhone = Debug|iPhone
		Debug|iPhoneSimulator = Debug|iPhoneSimulator
		Release|Any CPU = Release|Any CPU
		Release|iPhone = Release|iPhone
		Release|iPhoneSimulator = Release|iPhoneSimulator
	EndGlobalSection
	GlobalSection(ProjectConfigurationPlatforms) = postSolution
		{ACE00223-8AEB-4965-B837-AB75CC33CFB0}.Debug|Any CPU.ActiveCfg = Debug|Any CPU
		{ACE00223-8AEB-4965-B837-AB75CC33CFB0}.Debug|Any CPU.Build.0 = Debug|Any CPU
		{ACE00223-8AEB-4965-B837-AB75CC33CFB0}.Debug|Any CPU.Deploy.0 = Debug|Any CPU
		{ACE00223-8AEB-4965-B837-AB75CC33CFB0}.Debug|iPhone.ActiveCfg = Debug|Any CPU
		{ACE00223-8AEB-4965-B837-AB75CC33CFB0}.Debug|iPhone.Build.0 = Debug|Any CPU
		{ACE00223-8AEB-4965-B837-AB75CC33CFB0}.Debug|iPhone.Deploy.0 = Debug|Any CPU
		{ACE00223-8AEB-4965-B837-AB75CC33CFB0}.Debug|iPhoneSimulator.ActiveCfg = Debug|Any CPU
		{ACE00223-8AEB-4965-B837-AB75CC33CFB0}.Debug|iPhoneSimulator.Build.0 = Debug|Any CPU
		{ACE00223-8AEB-4965-B837-AB75CC33CFB0}.Debug|iPhoneSimulator.Deploy.0 = Debug|Any CPU
		{ACE00223-8AEB-4965-B837-AB75CC33CFB0}.Release|Any CPU.ActiveCfg = Release|Any CPU
		{ACE00223-8AEB-4965-B837-AB75CC33CFB0}.Release|Any CPU.Build.0 = Release|Any CPU
		{ACE00223-8AEB-4965-B837-AB75CC33CFB0}.Release|Any CPU.Deploy.0 = Release|Any CPU
		{ACE00223-8AEB-4965-B837-AB75CC33CFB0}.Release|iPhone.ActiveCfg = Release|Any CPU
		{ACE00223-8AEB-4965-B837-AB75CC33CFB0}.Release|iPhone.Build.0 = Release|Any CPU
		{ACE00223-8AEB-4965-B837-AB75CC33CFB0}.Release|iPhone.Deploy.0 = Release|Any CPU
		{ACE00223-8AEB-4965-B837-AB75CC33CFB0}.Release|iPhoneSimulator.ActiveCfg = Release|Any CPU
		{ACE00223-8AEB-4965-B837-AB75CC33CFB0}.Release|iPhoneSimulator.Build.0 = Release|Any CPU
		{ACE00223-8AEB-4965-B837-AB75CC33CFB0}.Release|iPhoneSimulator.Deploy.0 = Release|Any CPU
		{684E80C7-FC9E-4A27-8BB1-3CC05DF7CB95}.Debug|Any CPU.ActiveCfg = Debug|iPhone
		{684E80C7-FC9E-4A27-8BB1-3CC05DF7CB95}.Debug|Any CPU.Build.0 = Debug|iPhone
		{684E80C7-FC9E-4A27-8BB1-3CC05DF7CB95}.Debug|Any CPU.Deploy.0 = Debug|iPhone
		{684E80C7-FC9E-4A27-8BB1-3CC05DF7CB95}.Debug|iPhone.ActiveCfg = Debug|iPhone
		{684E80C7-FC9E-4A27-8BB1-3CC05DF7CB95}.Debug|iPhone.Build.0 = Debug|iPhone
		{684E80C7-FC9E-4A27-8BB1-3CC05DF7CB95}.Debug|iPhone.Deploy.0 = Debug|iPhone
		{684E80C7-FC9E-4A27-8BB1-3CC05DF7CB95}.Debug|iPhoneSimulator.ActiveCfg = Debug|iPhoneSimulator
		{684E80C7-FC9E-4A27-8BB1-3CC05DF7CB95}.Debug|iPhoneSimulator.Build.0 = Debug|iPhoneSimulator
		{684E80C7-FC9E-4A27-8BB1-3CC05DF7CB95}.Debug|iPhoneSimulator.Deploy.0 = Debug|iPhoneSimulator
		{684E80C7-FC9E-4A27-8BB1-3CC05DF7CB95}.Release|Any CPU.ActiveCfg = Release|iPhoneSimulator
		{684E80C7-FC9E-4A27-8BB1-3CC05DF7CB95}.Release|Any CPU.Build.0 = Release|iPhoneSimulator
		{684E80C7-FC9E-4A27-8BB1-3CC05DF7CB95}.Release|Any CPU.Deploy.0 = Release|iPhoneSimulator
		{684E80C7-FC9E-4A27-8BB1-3CC05DF7CB95}.Release|iPhone.ActiveCfg = Release|iPhone
		{684E80C7-FC9E-4A27-8BB1-3CC05DF7CB95}.Release|iPhone.Build.0 = Release|iPhone
		{684E80C7-FC9E-4A27-8BB1-3CC05DF7CB95}.Release|iPhone.Deploy.0 = Release|iPhone
		{684E80C7-FC9E-4A27-8BB1-3CC05DF7CB95}.Release|iPhoneSimulator.ActiveCfg = Release|iPhoneSimulator
		{684E80C7-FC9E-4A27-8BB1-3CC05DF7CB95}.Release|iPhoneSimulator.Build.0 = Release|iPhoneSimulator
		{684E80C7-FC9E-4A27-8BB1-3CC05DF7CB95}.Release|iPhoneSimulator.Deploy.0 = Release|iPhoneSimulator
		{5A363321-7F5D-4BE8-A229-327265CF2475}.Debug|Any CPU.ActiveCfg = Debug|Any CPU
		{5A363321-7F5D-4BE8-A229-327265CF2475}.Debug|Any CPU.Build.0 = Debug|Any CPU
		{5A363321-7F5D-4BE8-A229-327265CF2475}.Debug|Any CPU.Deploy.0 = Debug|Any CPU
		{5A363321-7F5D-4BE8-A229-327265CF2475}.Debug|iPhone.ActiveCfg = Debug|Any CPU
		{5A363321-7F5D-4BE8-A229-327265CF2475}.Debug|iPhone.Build.0 = Debug|Any CPU
		{5A363321-7F5D-4BE8-A229-327265CF2475}.Debug|iPhone.Deploy.0 = Debug|Any CPU
		{5A363321-7F5D-4BE8-A229-327265CF2475}.Debug|iPhoneSimulator.ActiveCfg = Debug|Any CPU
		{5A363321-7F5D-4BE8-A229-327265CF2475}.Debug|iPhoneSimulator.Build.0 = Debug|Any CPU
		{5A363321-7F5D-4BE8-A229-327265CF2475}.Debug|iPhoneSimulator.Deploy.0 = Debug|Any CPU
		{5A363321-7F5D-4BE8-A229-327265CF2475}.Release|Any CPU.ActiveCfg = Release|Any CPU
		{5A363321-7F5D-4BE8-A229-327265CF2475}.Release|Any CPU.Build.0 = Release|Any CPU
		{5A363321-7F5D-4BE8-A229-327265CF2475}.Release|Any CPU.Deploy.0 = Release|Any CPU
		{5A363321-7F5D-4BE8-A229-327265CF2475}.Release|iPhone.ActiveCfg = Release|Any CPU
		{5A363321-7F5D-4BE8-A229-327265CF2475}.Release|iPhone.Build.0 = Release|Any CPU
		{5A363321-7F5D-4BE8-A229-327265CF2475}.Release|iPhone.Deploy.0 = Release|Any CPU
		{5A363321-7F5D-4BE8-A229-327265CF2475}.Release|iPhoneSimulator.ActiveCfg = Release|Any CPU
		{5A363321-7F5D-4BE8-A229-327265CF2475}.Release|iPhoneSimulator.Build.0 = Release|Any CPU
		{5A363321-7F5D-4BE8-A229-327265CF2475}.Release|iPhoneSimulator.Deploy.0 = Release|Any CPU
	EndGlobalSection
	GlobalSection(SolutionProperties) = preSolution
		HideSolutionNode = FALSE
	EndGlobalSection
	GlobalSection(ExtensibilityGlobals) = postSolution
		SolutionGuid = {2677992F-410D-4ACB-92BC-9FDDA030D929}
	EndGlobalSection
EndGlobal
